# THIS IS AN AUTOGENERATED FILE. DO NOT EDIT THIS FILE DIRECTLY.
# yarn lockfile v1


"@lygo/wego-rs-darwin-arm64@0.0.6":
  version "0.0.6"
  resolved "https://registry.npmjs.org/@lygo/wego-rs-darwin-arm64/-/wego-rs-darwin-arm64-0.0.6.tgz#c9605c419cfa3bb6d3da21911eb61bf21dd4d624"
  integrity sha512-3kcFuDlca/goMidEtWRrBni5l3QZvgUzjVqRlsVeaj1PV+Cfg9XCU9f7OPE5mJMHCTq1dS9vU7FQBdpOJ0UXGg==

"@lygo/wego-rs-darwin-x64@0.0.6":
  version "0.0.6"
  resolved "https://registry.npmjs.org/@lygo/wego-rs-darwin-x64/-/wego-rs-darwin-x64-0.0.6.tgz#db0af6db2c2696018f9af77cb888cbd9473081b0"
  integrity sha512-Pb6x4P+UBL/yPYcvbM8gyazw1ZLBt4vyXAjpbnUw4pHuTIkPcvCayGinuZJhxj0wdxiwTKv3Y7lU/kVwFVuLVg==

"@lygo/wego-rs-linux-x64-gnu@0.0.6":
  version "0.0.6"
  resolved "https://registry.npmjs.org/@lygo/wego-rs-linux-x64-gnu/-/wego-rs-linux-x64-gnu-0.0.6.tgz#be09c600a6492e1fea975c0cba5259b5c22864c3"
  integrity sha512-3+3UsZ8ZZd+z9pWFk02yURYgGjqiDKooxz1X1la2bzdX6uCD1DwZpNvXSpBdDKvsQX1jIEiZhe+CeW/jw2+OsA==

"@lygo/wego-rs-linux-x64-musl@0.0.6":
  version "0.0.6"
  resolved "https://registry.npmjs.org/@lygo/wego-rs-linux-x64-musl/-/wego-rs-linux-x64-musl-0.0.6.tgz#6009da2fa0729488e1d45af99dbd14c24c992b38"
  integrity sha512-6hTW3pPmcL3ZWnnUN9HplqHeZhVPpa2NmOvcRrnIW7izdeewsUqKCwEimyEk3FiiP25xZ523+xXYaizR9pTutA==

"@lygo/wego-rs-win32-x64-msvc@0.0.6":
  version "0.0.6"
  resolved "https://registry.npmjs.org/@lygo/wego-rs-win32-x64-msvc/-/wego-rs-win32-x64-msvc-0.0.6.tgz#e886b27b4c0b3074e34ba28f903abb21358246b7"
  integrity sha512-Gpjkk0TUX2JZdr92qd5EFEhRCGO8rijeRy8ZLyNJPFpWVBF0JoV0oc6hYoF8Qiy5/4LvjjY3AEAIGsRplvUlBQ==

"@lygo/wego-rs@^0.0.6":
  version "0.0.6"
  resolved "https://registry.npmjs.org/@lygo/wego-rs/-/wego-rs-0.0.6.tgz#2fbceba17373d146e117f87f637276b7cea5ef32"
  integrity sha512-mQtPA4865D5gIuvJXQyB5zgsqbCH8UAEiUHkqoivDcwHlvYWxeIanLYbRRWe+LisMCF4V+zlCvwIh/fB7q/giQ==
  optionalDependencies:
    "@lygo/wego-rs-darwin-arm64" "0.0.6"
    "@lygo/wego-rs-darwin-x64" "0.0.6"
    "@lygo/wego-rs-linux-x64-gnu" "0.0.6"
    "@lygo/wego-rs-linux-x64-musl" "0.0.6"
    "@lygo/wego-rs-win32-x64-msvc" "0.0.6"

commander@^11.0.0:
  version "11.0.0"
  resolved "https://registry.npmjs.org/commander/-/commander-11.0.0.tgz#43e19c25dbedc8256203538e8d7e9346877a6f67"
  integrity sha512-9HMlXtt/BNoYr8ooyjjNRdIilOTkVJXB+GhxMTtOKwk0R4j4lS4NpjuqmRxroBfnfTSHQIHQB7wryHhXarNjmQ==

"wego-cli@file:../source":
  version "1.0.1"
  dependencies:
    "@lygo/wego-rs" "^0.0.6"
    commander "^11.0.0"
