# THIS IS AN AUTOGENERATED FILE. DO NOT EDIT THIS FILE DIRECTLY.
# yarn lockfile v1


"@lygo/wego-rs-darwin-arm64@0.0.4":
  version "0.0.4"
  resolved "https://registry.npmjs.org/@lygo/wego-rs-darwin-arm64/-/wego-rs-darwin-arm64-0.0.4.tgz#3155064063919fe2eaa0dfa55f212d298492dce4"
  integrity sha512-/knH2Wj5IdOTds5XC1A8UtssXMomj3Ht4tRgj0dgCx0Y5n1vnLv3rQLGSE/ofHcHy0pNKLOeCAJoUpFfgPVswQ==

"@lygo/wego-rs-darwin-x64@0.0.4":
  version "0.0.4"
  resolved "https://registry.npmjs.org/@lygo/wego-rs-darwin-x64/-/wego-rs-darwin-x64-0.0.4.tgz#a6dfc15f81034079132546918fc0fd5616824623"
  integrity sha512-mwE+ZOCkAX3UofvKHdRzk5TGv0dOlipgNqF+1RXnNn5YydUXuOEENzAzWDRXjQnHLj6aKeyMn19piC+AIF06zw==

"@lygo/wego-rs-linux-x64-gnu@0.0.4":
  version "0.0.4"
  resolved "https://registry.npmjs.org/@lygo/wego-rs-linux-x64-gnu/-/wego-rs-linux-x64-gnu-0.0.4.tgz#c76a5a8da72e8d261f0b0768a5b24b73bbcb15fd"
  integrity sha512-g2KXrQCZtECZuFgxiY6uhHMqDLKKN7zX6V3aFybcd5gO/U1YFWeePDZ1naqDj7ygPwBQ5xYyDYoNHjlls/XJDw==

"@lygo/wego-rs-linux-x64-musl@0.0.4":
  version "0.0.4"
  resolved "https://registry.npmjs.org/@lygo/wego-rs-linux-x64-musl/-/wego-rs-linux-x64-musl-0.0.4.tgz#09eec8c65e715c23566e47414fcfc50436a6a509"
  integrity sha512-3WR1pg/p6y0H3rYm9KBx/lgHQu0ag3QbcZ9i4pdP3zBOF2uCGyDYO/K4Mqx9ywoTV6X9DMZjc51Wx8uG/uDyVQ==

"@lygo/wego-rs-win32-x64-msvc@0.0.4":
  version "0.0.4"
  resolved "https://registry.npmjs.org/@lygo/wego-rs-win32-x64-msvc/-/wego-rs-win32-x64-msvc-0.0.4.tgz#3081ac739fa8d5eef431ecff3a7b23c10a37eab8"
  integrity sha512-/0f7xOEL/Z6NytG+4CgSLxwtHei/2z5HWOV1i8waGgiBCTWuNAOuw/fo89mNE5eATKUjPlaLs7CHc7PRudcvfw==

"@lygo/wego-rs@^0.0.4":
  version "0.0.4"
  resolved "https://registry.npmjs.org/@lygo/wego-rs/-/wego-rs-0.0.4.tgz#593ca116e68d99d8a6b0c897c19a7f8ac80bd685"
  integrity sha512-8/FplzCZiU0FF1eIf5AhyisnW+Vx6m4cgAX8iWuKTjRYKUA9RpYDzOGEtxf+kE4abFQTpnw2GBnxGDRo7iDezw==
  optionalDependencies:
    "@lygo/wego-rs-darwin-arm64" "0.0.4"
    "@lygo/wego-rs-darwin-x64" "0.0.4"
    "@lygo/wego-rs-linux-x64-gnu" "0.0.4"
    "@lygo/wego-rs-linux-x64-musl" "0.0.4"
    "@lygo/wego-rs-win32-x64-msvc" "0.0.4"

commander@^11.0.0:
  version "11.0.0"
  resolved "https://registry.npmjs.org/commander/-/commander-11.0.0.tgz#43e19c25dbedc8256203538e8d7e9346877a6f67"
  integrity sha512-9HMlXtt/BNoYr8ooyjjNRdIilOTkVJXB+GhxMTtOKwk0R4j4lS4NpjuqmRxroBfnfTSHQIHQB7wryHhXarNjmQ==

"wego-cli@file:../source":
  version "1.0.0"
  dependencies:
    "@lygo/wego-rs" "^0.0.4"
    commander "^11.0.0"
